filippo.io/edwards25519 v1.1.0 h1:FNf4tywRC1HmFuKW5xopWpigGjJKiJSV0Cqo0cJWDaA=
filippo.io/edwards25519 v1.1.0/go.mod h1:BxyFTGdWcka3PhytdK4V28tE5sGfRvvvRV7EaN4VDT4=
github.com/cespare/xxhash/v2 v2.1.2 h1:YRXhKfTDauu4ajMg1TPgFO5jnlC2HCbmLXMcTG5cbYE=
github.com/cespare/xxhash/v2 v2.1.2/go.mod h1:VGX0DQ3Q6kWi7AoAeZDth3/j3BFtOZR5XLFGgcrjCOs=
github.com/codegangsta/negroni v1.0.0 h1:+aYywywx4bnKXWvoWtRfJ91vC59NbEhEY03sZjQhbVY=
github.com/codegangsta/negroni v1.0.0/go.mod h1:v0y3T5G7Y1UlFfyxFn/QLRU4a2EuNau2iZY63YTKWo0=
github.com/davecgh/go-spew v1.1.1 h1:vj9j/u1bqnvCEfJOwUhtlOARqs3+rkHYY13jYWTU97c=
github.com/davecgh/go-spew v1.1.1/go.mod h1:J7Y8YcW2NihsgmVo/mv3lAwl/skON4iLHjSsI+c5H38=
github.com/dgryski/go-rendezvous v0.0.0-20200823014737-9f7001d12a5f h1:lO4WD4F/rVNCu3HqELle0jiPLLBs70cWOduZpkS1E78=
github.com/dgryski/go-rendezvous v0.0.0-20200823014737-9f7001d12a5f/go.mod h1:cuUVRXasLTGF7a8hSLbxyZXjz+1KgoB3wDUb6vlszIc=
github.com/dustin/go-humanize v1.0.1 h1:GzkhY7T5VNhEkwH0PVJgjz+fX1rhBrR7pRT3mDkpeCY=
github.com/dustin/go-humanize v1.0.1/go.mod h1:Mu1zIs6XwVuF/gI1OepvI0qD18qycQx+mFykh5fBlto=
github.com/elastic/elastic-transport-go/v8 v8.7.0 h1:OgTneVuXP2uip4BA658Xi6Hfw+PeIOod2rY3GVMGoVE=
github.com/elastic/elastic-transport-go/v8 v8.7.0/go.mod h1:YLHer5cj0csTzNFXoNQ8qhtGY1GTvSqPnKWKaqQE3Hk=
github.com/elastic/go-elasticsearch/v7 v7.17.10 h1:TCQ8i4PmIJuBunvBS6bwT2ybzVFxxUhhltAs3Gyu1yo=
github.com/elastic/go-elasticsearch/v7 v7.17.10/go.mod h1:OJ4wdbtDNk5g503kvlHLyErCgQwwzmDtaFC4XyOxXA4=
github.com/elastic/go-elasticsearch/v8 v8.18.1 h1:lPsN2Wk6+QqBeD4ckmOax7G/Y8tAZgroDYG8j6/5Ce0=
github.com/elastic/go-elasticsearch/v8 v8.18.1/go.mod h1:F3j9e+BubmKvzvLjNui/1++nJuJxbkhHefbaT0kFKGY=
github.com/fsnotify/fsnotify v1.4.9 h1:hsms1Qyu0jgnwNXIxa+/V/PDsU6CfLf6CNO8H7IWoS4=
github.com/fsnotify/fsnotify v1.4.9/go.mod h1:znqG4EE+3YCdAaPaxE2ZRY/06pZUdp0tY4IgpuI1SZQ=
github.com/go-logr/logr v1.2.2/go.mod h1:jdQByPbusPIv2/zmleS9BjJVeZ6kBagPoEUsqbVz/1A=
github.com/go-logr/logr v1.4.2 h1:6pFjapn8bFcIbiKo3XT4j/BhANplGihG6tvd+8rYgrY=
github.com/go-logr/logr v1.4.2/go.mod h1:9T104GzyrTigFIr8wt5mBrctHMim0Nb2HLGrmQ40KvY=
github.com/go-logr/stdr v1.2.2 h1:hSWxHoqTgW2S2qGc0LTAI563KZ5YKYRhT3MFKZMbjag=
github.com/go-logr/stdr v1.2.2/go.mod h1:mMo/vtBO5dYbehREoey6XUKy/eSumjCCveDpRre4VKE=
github.com/go-redis/redis/v8 v8.11.5 h1:AcZZR7igkdvfVmQTPnu9WE37LRrO/YrBH5zWyjDC0oI=
github.com/go-redis/redis/v8 v8.11.5/go.mod h1:gREzHqY1hg6oD9ngVRbLStwAWKhA0FEgq8Jd4h5lpwo=
github.com/go-sql-driver/mysql v1.9.3 h1:U/N249h2WzJ3Ukj8SowVFjdtZKfu9vlLZxjPXV1aweo=
github.com/go-sql-driver/mysql v1.9.3/go.mod h1:qn46aNg1333BRMNU69Lq93t8du/dwxI64Gl8i5p1WMU=
github.com/golang-jwt/jwt/v5 v5.3.0 h1:pv4AsKCKKZuqlgs5sUmn4x8UlGa0kEVt/puTpKx9vvo=
github.com/golang-jwt/jwt/v5 v5.3.0/go.mod h1:fxCRLWMO43lRc8nhHWY6LGqRcf+1gQWArsqaEUEa5bE=
github.com/golang/snappy v1.0.0 h1:Oy607GVXHs7RtbggtPBnr2RmDArIsAefDwvrdWvRhGs=
github.com/golang/snappy v1.0.0/go.mod h1:/XxbfmMg8lxefKM7IXC3fBNl/7bRcc72aCRzEWrmP2Q=
github.com/google/go-cmp v0.6.0 h1:ofyhxvXcZhMsU5ulbFiLKl/XBFqE1GSq7atu8tAmTRI=
github.com/google/go-cmp v0.6.0/go.mod h1:17dUlkBOakJ0+DkrSSNjCkIjxS6bF9zb3elmeNGIjoY=
github.com/google/pprof v0.0.0-20250317173921-a4b03ec1a45e h1:ijClszYn+mADRFY17kjQEVQ1XRhq2/JR1M3sGqeJoxs=
github.com/google/pprof v0.0.0-20250317173921-a4b03ec1a45e/go.mod h1:boTsfXsheKC2y+lKOCMpSfarhxDeIzfZG1jqGcPl3cA=
github.com/google/uuid v1.6.0 h1:NIvaJDMOsjHA8n1jAhLSgzrAzy1Hgr+hNrb57e+94F0=
github.com/google/uuid v1.6.0/go.mod h1:TIyPZe4MgqvfeYDBFedMoGGpEw/LqOeaOT+nhxU+yHo=
github.com/gorilla/mux v1.8.1 h1:TuBL49tXwgrFYWhqrNgrUNEY92u81SPhu7sTdzQEiWY=
github.com/gorilla/mux v1.8.1/go.mod h1:AKf9I4AEqPTmMytcMc0KkNouC66V3BtZ4qD5fmWSiMQ=
github.com/klauspost/compress v1.16.7 h1:2mk3MPGNzKyxErAw8YaohYh69+pa4sIQSC0fPGCFR9I=
github.com/klauspost/compress v1.16.7/go.mod h1:ntbaceVETuRiXiv4DpjP66DpAtAGkEQskQzEyD//IeE=
github.com/kr/pretty v0.2.1 h1:Fmg33tUaq4/8ym9TJN1x7sLJnHVwhP33CNkpYV/7rwI=
github.com/kr/pretty v0.2.1/go.mod h1:ipq/a2n7PKx3OHsz4KJII5eveXtPO4qwEXGdVfWzfnI=
github.com/kr/pty v1.1.1/go.mod h1:pFQYn66WHrOpPYNljwOMqo10TkYh1fy3cYio2l3bCsQ=
github.com/kr/text v0.1.0 h1:45sCR5RtlFHMR4UwH9sdQ5TC8v0qDQCHnXt+kaKSTVE=
github.com/kr/text v0.1.0/go.mod h1:4Jbv+DJW3UT/LiOwJeYQe1efqtUx/iVham/4vfdArNI=
github.com/lib/pq v1.10.9 h1:YXG7RB+JIjhP29X+OtkiDnYaXQwpS4JEWq7dtCCRUEw=
github.com/lib/pq v1.10.9/go.mod h1:AlVN5x4E4T544tWzH6hKfbfQvm3HdbOxrmggDNAPY9o=
github.com/mattn/go-isatty v0.0.20 h1:xfD0iDuEKnDkl03q4limB+vH+GxLEtL/jb4xVJSWWEY=
github.com/mattn/go-isatty v0.0.20/go.mod h1:W+V8PltTTMOvKvAeJH7IuucS94S2C6jfK/D7dTCTo3Y=
github.com/montanaflynn/stats v0.7.1 h1:etflOAAHORrCC44V+aR6Ftzort912ZU+YLiSTuV8eaE=
github.com/montanaflynn/stats v0.7.1/go.mod h1:etXPPgVO6n31NxCd9KQUMvCM+ve0ruNzt6R8Bnaayow=
github.com/ncruces/go-strftime v0.1.9 h1:bY0MQC28UADQmHmaF5dgpLmImcShSi2kHU9XLdhx/f4=
github.com/ncruces/go-strftime v0.1.9/go.mod h1:Fwc5htZGVVkseilnfgOVb9mKy6w1naJmn9CehxcKcls=
github.com/nxadm/tail v1.4.8 h1:nPr65rt6Y5JFSKQO7qToXr7pePgD6Gwiw05lkbyAQTE=
github.com/nxadm/tail v1.4.8/go.mod h1:+ncqLTQzXmGhMZNUePPaPqPvBxHAIsmXswZKocGu+AU=
github.com/onsi/ginkgo v1.16.5 h1:8xi0RTUf59SOSfEtZMvwTvXYMzG4gV23XVHOZiXNtnE=
github.com/onsi/ginkgo v1.16.5/go.mod h1:+E8gABHa3K6zRBolWtd+ROzc/U5bkGt0FwiG042wbpU=
github.com/onsi/gomega v1.18.1 h1:M1GfJqGRrBrrGGsbxzV5dqM2U2ApXefZCQpkukxYRLE=
github.com/onsi/gomega v1.18.1/go.mod h1:0q+aL8jAiMXy9hbwj2mr5GziHiwhAIQpFmmtT5hitRs=
github.com/pkg/errors v0.9.1 h1:FEBLx1zS214owpjy7qsBeixbURkuhQAwrK5UwLGTwt4=
github.com/pkg/errors v0.9.1/go.mod h1:bwawxfHBFNV+L2hUp1rHADufV3IMtnDRdf1r5NINEl0=
github.com/pmezard/go-difflib v1.0.0 h1:4DBwDE0NGyQoBHbLQYPwSUPoCMWR5BEzIk/f1lZbAQM=
github.com/pmezard/go-difflib v1.0.0/go.mod h1:iKH77koFhYxTK1pcRnkKkqfTogsbg7gZNVY4sRDYZ/4=
github.com/remyoudompheng/bigfft v0.0.0-20230129092748-24d4a6f8daec h1:W09IVJc94icq4NjY3clb7Lk8O1qJ8BdBEF8z0ibU0rE=
github.com/remyoudompheng/bigfft v0.0.0-20230129092748-24d4a6f8daec/go.mod h1:qqbHyh8v60DhA7CoWK5oRCqLrMHRGoxYCSS9EjAz6Eo=
github.com/satori/go.uuid v1.2.0 h1:0uYX9dsZ2yD7q2RtLRtPSdGDWzjeM3TbMJP9utgA0ww=
github.com/satori/go.uuid v1.2.0/go.mod h1:dA0hQrYB0VpLJoorglMZABFdXlWrHn1NEOzdhQKdks0=
github.com/sijms/go-ora/v2 v2.9.0 h1:+iQbUeTeCOFMb5BsOMgUhV8KWyrv9yjKpcK4x7+MFrg=
github.com/sijms/go-ora/v2 v2.9.0/go.mod h1:QgFInVi3ZWyqAiJwzBQA+nbKYKH77tdp1PYoCqhR2dU=
github.com/spf13/pflag v1.0.5 h1:iy+VFUOCP1a+8yFto/drg2CJ5u0yRoB7fZw3DKv/JXA=
github.com/spf13/pflag v1.0.5/go.mod h1:McXfInJRrz4CZXVZOBLb0bTZqETkiAhM9Iw0y3An2Bg=
github.com/stretchr/testify v1.9.0 h1:HtqpIVDClZ4nwg75+f6Lvsy/wHu+3BoSGCbBAcpTsTg=
github.com/stretchr/testify v1.9.0/go.mod h1:r2ic/lqez/lEtzL7wO/rwa5dbSLXVDPFyf8C91i36aY=
github.com/tidwall/gjson v1.14.2/go.mod h1:/wbyibRr2FHMks5tjHJ5F8dMZh3AcwJEMf5vlfC0lxk=
github.com/tidwall/gjson v1.18.0 h1:FIDeeyB800efLX89e5a8Y0BNH+LOngJyGrIWxG2FKQY=
github.com/tidwall/gjson v1.18.0/go.mod h1:/wbyibRr2FHMks5tjHJ5F8dMZh3AcwJEMf5vlfC0lxk=
github.com/tidwall/match v1.1.1 h1:+Ho715JplO36QYgwN9PGYNhgZvoUSc9X2c80KVTi+GA=
github.com/tidwall/match v1.1.1/go.mod h1:eRSPERbgtNPcGhD8UCthc6PmLEQXEWd3PRB5JTxsfmM=
github.com/tidwall/pretty v1.2.0/go.mod h1:ITEVvHYasfjBbM0u2Pg8T2nJnzm8xPwvNhhsoaGGjNU=
github.com/tidwall/pretty v1.2.1 h1:qjsOFOWWQl+N3RsoF5/ssm1pHmJJwhjlSbZ51I6wMl4=
github.com/tidwall/pretty v1.2.1/go.mod h1:ITEVvHYasfjBbM0u2Pg8T2nJnzm8xPwvNhhsoaGGjNU=
github.com/tidwall/sjson v1.2.5 h1:kLy8mja+1c9jlljvWTlSazM7cKDRfJuR/bOJhcY5NcY=
github.com/tidwall/sjson v1.2.5/go.mod h1:Fvgq9kS/6ociJEDnK0Fk1cpYF4FIW6ZF7LAe+6jwd28=
github.com/wsva/lib_go v1.0.6 h1:1E89nc306UWQQbKQ5WM64Ox5MH/eAlp7tY6F8j9Y+8M=
github.com/wsva/lib_go v1.0.6/go.mod h1:Z7uwUfiFCfPK1MYHeCRCg7ihK0uQnhigKpjjx7kZjgA=
github.com/wsva/lib_go_db v1.0.2 h1:4U4819lt2YXseGFQJKv/QhOZc5wbFubsAGVjolx+cLk=
github.com/wsva/lib_go_db v1.0.2/go.mod h1:Iy2etU84YDD3CZSaK4V7DioKtVKe30y/l1GS1//e9a4=
github.com/wsva/lib_go_db v1.0.3 h1:hduc4hg62JL88u1gA6IGzMscs+d7oWry/70YL/qgJok=
github.com/wsva/lib_go_db v1.0.3/go.mod h1:KHdmDEkGCASHGNFiVcC/r4QmA0ZphKSnCp0D+PHRCAk=
github.com/wsva/lib_go_db v1.0.4 h1:JeLayn2nIzpbRmRpEyyg31MAlMC9/W6CJVDXrFVOUNo=
github.com/wsva/lib_go_db v1.0.4/go.mod h1:KHdmDEkGCASHGNFiVcC/r4QmA0ZphKSnCp0D+PHRCAk=
github.com/wsva/lib_go_integration v1.0.4 h1:n/hTBcFH/fHFZDrTCr8UgXd1UMQSts3mWm6Iz+xhZuU=
github.com/wsva/lib_go_integration v1.0.4/go.mod h1:i6AN58j5LSy6OnijYMY5Stp6PMtRUnHw3fj0NHeYoR4=
github.com/wsva/lib_go_integration v1.0.5 h1:9wgk1kZT7CyW37RKeBBM9GAoKuxWnm6RY30TnxGR9qw=
github.com/wsva/lib_go_integration v1.0.5/go.mod h1:i6AN58j5LSy6OnijYMY5Stp6PMtRUnHw3fj0NHeYoR4=
github.com/wsva/lib_go_integration v1.0.6 h1:eqCiy5HoRTM4gR8VC5iAl1/lK9ILi4lXddkJ8Q1LRng=
github.com/wsva/lib_go_integration v1.0.6/go.mod h1:i6AN58j5LSy6OnijYMY5Stp6PMtRUnHw3fj0NHeYoR4=
github.com/wsva/lib_go_integration v1.0.8 h1:h0/sQolS2/FmSWPsMn49Z4vO958RVMIJ9mDhToh3Vto=
github.com/wsva/lib_go_integration v1.0.8/go.mod h1:i6AN58j5LSy6OnijYMY5Stp6PMtRUnHw3fj0NHeYoR4=
github.com/wsva/lib_go_integration v1.0.9 h1:BoWwjiv+c7JX8f3hwL5nuEvIaEMAk8PoK/hzX7+l5mI=
github.com/wsva/lib_go_integration v1.0.9/go.mod h1:i6AN58j5LSy6OnijYMY5Stp6PMtRUnHw3fj0NHeYoR4=
github.com/wsva/lib_go_integration v1.0.15 h1:rkg7pdM5VmlCtXWLbclRN3hNFhEuZ///ObUu0eXWVCg=
github.com/wsva/lib_go_integration v1.0.15/go.mod h1:i6AN58j5LSy6OnijYMY5Stp6PMtRUnHw3fj0NHeYoR4=
github.com/wsva/lib_go_integration v1.0.16 h1:2Wj/IopFxy1eqffxR4NV7Xg77JotbSJrPIiQ0WBjbqs=
github.com/wsva/lib_go_integration v1.0.16/go.mod h1:i6AN58j5LSy6OnijYMY5Stp6PMtRUnHw3fj0NHeYoR4=
github.com/wsva/lib_go_integration v1.0.17 h1:cjYXiQQF6/WYaip/xYbmnNd49ra1A++/a6U3qobhubM=
github.com/wsva/lib_go_integration v1.0.17/go.mod h1:i6AN58j5LSy6OnijYMY5Stp6PMtRUnHw3fj0NHeYoR4=
github.com/wsva/lib_go_integration v1.0.19 h1:upXlYm4pSup/7XH/D79Y7o1UQsIBzViD94YsUDzJqtY=
github.com/wsva/lib_go_integration v1.0.19/go.mod h1:i6AN58j5LSy6OnijYMY5Stp6PMtRUnHw3fj0NHeYoR4=
github.com/xdg-go/pbkdf2 v1.0.0 h1:Su7DPu48wXMwC3bs7MCNG+z4FhcyEuz5dlvchbq0B0c=
github.com/xdg-go/pbkdf2 v1.0.0/go.mod h1:jrpuAogTd400dnrH08LKmI/xc1MbPOebTwRqcT5RDeI=
github.com/xdg-go/scram v1.1.2 h1:FHX5I5B4i4hKRVRBCFRxq1iQRej7WO3hhBuJf+UUySY=
github.com/xdg-go/scram v1.1.2/go.mod h1:RT/sEzTbU5y00aCK8UOx6R7YryM0iF1N2MOmC3kKLN4=
github.com/xdg-go/stringprep v1.0.4 h1:XLI/Ng3O1Atzq0oBs3TWm+5ZVgkq2aqdlvP9JtoZ6c8=
github.com/xdg-go/stringprep v1.0.4/go.mod h1:mPGuuIYwz7CmR2bT9j4GbQqutWS1zV24gijq1dTyGkM=
github.com/youmark/pkcs8 v0.0.0-20240726163527-a2c0da244d78 h1:ilQV1hzziu+LLM3zUTJ0trRztfwgjqKnBWNtSRkbmwM=
github.com/youmark/pkcs8 v0.0.0-20240726163527-a2c0da244d78/go.mod h1:aL8wCCfTfSfmXjznFBSZNN13rSJjlIOI1fUNAtF7rmI=
github.com/yuin/goldmark v1.4.13/go.mod h1:6yULJ656Px+3vBD8DxQVa3kxgyrAnzto9xy5taEt/CY=
go.mongodb.org/mongo-driver v1.17.4 h1:jUorfmVzljjr0FLzYQsGP8cgN/qzzxlY9Vh0C9KFXVw=
go.mongodb.org/mongo-driver v1.17.4/go.mod h1:Hy04i7O2kC4RS06ZrhPRqj/u4DTYkFDAAccj+rVKqgQ=
go.opentelemetry.io/otel v1.28.0 h1:/SqNcYk+idO0CxKEUOtKQClMK/MimZihKYMruSMViUo=
go.opentelemetry.io/otel v1.28.0/go.mod h1:q68ijF8Fc8CnMHKyzqL6akLO46ePnjkgfIMIjUIX9z4=
go.opentelemetry.io/otel/metric v1.28.0 h1:f0HGvSl1KRAU1DLgLGFjrwVyismPlnuU6JD6bOeuA5Q=
go.opentelemetry.io/otel/metric v1.28.0/go.mod h1:Fb1eVBFZmLVTMb6PPohq3TO9IIhUisDsbJoL/+uQW4s=
go.opentelemetry.io/otel/sdk v1.21.0 h1:FTt8qirL1EysG6sTQRZ5TokkU8d0ugCj8htOgThZXQ8=
go.opentelemetry.io/otel/sdk v1.21.0/go.mod h1:Nna6Yv7PWTdgJHVRD9hIYywQBRx7pbox6nwBnZIxl/E=
go.opentelemetry.io/otel/trace v1.28.0 h1:GhQ9cUuQGmNDd5BTCP2dAvv75RdMxEfTmYejp+lkx9g=
go.opentelemetry.io/otel/trace v1.28.0/go.mod h1:jPyXzNPg6da9+38HEwElrQiHlVMTnVfM3/yv2OlIHaI=
golang.org/x/crypto v0.0.0-20190308221718-c2843e01d9a2/go.mod h1:djNgcEr1/C05ACkg1iLfiJU5Ep61QUkGW8qpdssI0+w=
golang.org/x/crypto v0.0.0-20210921155107-089bfa567519/go.mod h1:GvvjBRRGRdwPK5ydBHafDWAxML/pGHZbMvKqRZ5+Abc=
golang.org/x/crypto v0.40.0 h1:r4x+VvoG5Fm+eJcxMaY8CQM7Lb0l1lsmjGBQ6s8BfKM=
golang.org/x/crypto v0.40.0/go.mod h1:Qr1vMER5WyS2dfPHAlsOj01wgLbsyWtFn/aY+5+ZdxY=
golang.org/x/exp v0.0.0-20250620022241-b7579e27df2b h1:M2rDM6z3Fhozi9O7NWsxAkg/yqS/lQJ6PmkyIV3YP+o=
golang.org/x/exp v0.0.0-20250620022241-b7579e27df2b/go.mod h1:3//PLf8L/X+8b4vuAfHzxeRUl04Adcb341+IGKfnqS8=
golang.org/x/mod v0.6.0-dev.0.20220419223038-86c51ed26bb4/go.mod h1:jJ57K6gSWd91VN4djpZkiMVwK6gcyfeH4XE8wZrZaV4=
golang.org/x/mod v0.25.0 h1:n7a+ZbQKQA/Ysbyb0/6IbB1H/X41mKgbhfv7AfG/44w=
golang.org/x/mod v0.25.0/go.mod h1:IXM97Txy2VM4PJ3gI61r1YEk/gAj6zAHN3AdZt6S9Ww=
golang.org/x/net v0.0.0-20190620200207-3b0461eec859/go.mod h1:z5CRVTTTmAJ677TzLLGU+0bjPO0LkuOLi4/5GtJWs/s=
golang.org/x/net v0.0.0-20210226172049-e18ecbb05110/go.mod h1:m0MpNAwzfU5UDzcl9v0D8zg8gWTRqZa9RBIspLL5mdg=
golang.org/x/net v0.0.0-20220722155237-a158d28d115b/go.mod h1:XRhObCWvk6IyKnWLug+ECip1KBveYUHfp+8e9klMJ9c=
golang.org/x/net v0.41.0 h1:vBTly1HeNPEn3wtREYfy4GZ/NECgw2Cnl+nK6Nz3uvw=
golang.org/x/net v0.41.0/go.mod h1:B/K4NNqkfmg07DQYrbwvSluqCJOOXwUjeb/5lOisjbA=
golang.org/x/oauth2 v0.30.0 h1:dnDm7JmhM45NNpd8FDDeLhK6FwqbOf4MLCM9zb1BOHI=
golang.org/x/oauth2 v0.30.0/go.mod h1:B++QgG3ZKulg6sRPGD/mqlHQs5rB3Ml9erfeDY7xKlU=
golang.org/x/sync v0.0.0-20190423024810-112230192c58/go.mod h1:RxMgew5VJxzue5/jJTE5uejpjVlOe/izrB70Jof72aM=
golang.org/x/sync v0.0.0-20220722155255-886fb9371eb4/go.mod h1:RxMgew5VJxzue5/jJTE5uejpjVlOe/izrB70Jof72aM=
golang.org/x/sync v0.16.0 h1:ycBJEhp9p4vXvUZNszeOq0kGTPghopOL8q0fq3vstxw=
golang.org/x/sync v0.16.0/go.mod h1:1dzgHSNfp02xaA81J2MS99Qcpr2w7fw1gpm99rleRqA=
golang.org/x/sys v0.0.0-20190215142949-d0b11bdaac8a/go.mod h1:STP8DvDyc/dI5b8T5hshtkjS+E42TnysNCUPdjciGhY=
golang.org/x/sys v0.0.0-20201119102817-f84b799fce68/go.mod h1:h1NjWce9XRLGQEsW7wpKNCjG9DtNlClVuFLEZdDNbEs=
golang.org/x/sys v0.0.0-20210615035016-665e8c7367d1/go.mod h1:oPkhp1MJrh7nUepCBck5+mAzfO9JrbApNNgaTdGDITg=
golang.org/x/sys v0.0.0-20220520151302-bc2c85ada10a/go.mod h1:oPkhp1MJrh7nUepCBck5+mAzfO9JrbApNNgaTdGDITg=
golang.org/x/sys v0.0.0-20220722155257-8c9f86f7a55f/go.mod h1:oPkhp1MJrh7nUepCBck5+mAzfO9JrbApNNgaTdGDITg=
golang.org/x/sys v0.6.0/go.mod h1:oPkhp1MJrh7nUepCBck5+mAzfO9JrbApNNgaTdGDITg=
golang.org/x/sys v0.34.0 h1:H5Y5sJ2L2JRdyv7ROF1he/lPdvFsd0mJHFw2ThKHxLA=
golang.org/x/sys v0.34.0/go.mod h1:BJP2sWEmIv4KK5OTEluFJCKSidICx8ciO85XgH3Ak8k=
golang.org/x/term v0.0.0-20201126162022-7de9c90e9dd1/go.mod h1:bj7SfCRtBDWHUb9snDiAeCFNEtKQo2Wmx5Cou7ajbmo=
golang.org/x/term v0.0.0-20210927222741-03fcf44c2211/go.mod h1:jbD1KX2456YbFQfuXm/mYQcufACuNUgVhRMnK/tPxf8=
golang.org/x/text v0.3.0/go.mod h1:NqM8EUOU14njkJ3fqMW+pc6Ldnwhi/IjpwHt7yyuwOQ=
golang.org/x/text v0.3.3/go.mod h1:5Zoc/QRtKVWzQhOtBMvqHzDpF6irO9z98xDceosuGiQ=
golang.org/x/text v0.3.7/go.mod h1:u+2+/6zg+i71rQMx5EYifcz6MCKuco9NR6JIITiCfzQ=
golang.org/x/text v0.3.8/go.mod h1:E6s5w1FMmriuDzIBO73fBruAKo1PCIq6d2Q6DHfQ8WQ=
golang.org/x/text v0.27.0 h1:4fGWRpyh641NLlecmyl4LOe6yDdfaYNrGb2zdfo4JV4=
golang.org/x/text v0.27.0/go.mod h1:1D28KMCvyooCX9hBiosv5Tz/+YLxj0j7XhWjpSUF7CU=
golang.org/x/tools v0.0.0-20180917221912-90fa682c2a6e/go.mod h1:n7NCudcB/nEzxVGmLbDWY5pfWTLqBcC2KZ6jyYvM4mQ=
golang.org/x/tools v0.0.0-20191119224855-298f0cb1881e/go.mod h1:b+2E5dAYhXwXZwtnZ6UAqBI28+e2cm9otk0dWdXHAEo=
golang.org/x/tools v0.1.12/go.mod h1:hNGJHUnrk76NpqgfD5Aqm5Crs+Hm0VOH/i9J2+nxYbc=
golang.org/x/tools v0.34.0 h1:qIpSLOxeCYGg9TrcJokLBG4KFA6d795g0xkBkiESGlo=
golang.org/x/tools v0.34.0/go.mod h1:pAP9OwEaY1CAW3HOmg3hLZC5Z0CCmzjAF2UQMSqNARg=
golang.org/x/xerrors v0.0.0-20190717185122-a985d3407aa7/go.mod h1:I/5z698sn9Ka8TeJc9MKroUUfqBBauWjQqLJ2OPfmY0=
gopkg.in/check.v1 v1.0.0-20201130134442-10cb98267c6c h1:Hei/4ADfdWqJk1ZMxUNpqntNwaWcugrBjAiHlqqRiVk=
gopkg.in/check.v1 v1.0.0-20201130134442-10cb98267c6c/go.mod h1:JHkPIbrfpd72SG/EVd6muEfDQjcINNoR0C8j2r3qZ4Q=
gopkg.in/tomb.v1 v1.0.0-20141024135613-dd632973f1e7 h1:uRGJdciOHaEIrze2W8Q3AKkepLTh2hOroT7a+7czfdQ=
gopkg.in/tomb.v1 v1.0.0-20141024135613-dd632973f1e7/go.mod h1:dt/ZhP58zS4L8KSrWDmTeBkI65Dw0HsyUHuEVlX15mw=
gopkg.in/yaml.v2 v2.4.0 h1:D8xgwECY7CYvx+Y2n4sBz93Jn9JRvxdiyyo8CTfuKaY=
gopkg.in/yaml.v2 v2.4.0/go.mod h1:RDklbk79AGWmwhnvt/jBztapEOGDOx6ZbXqjP6csGnQ=
gopkg.in/yaml.v3 v3.0.1 h1:fxVm/GzAzEWqLHuvctI91KS9hhNmmWOoWu0XTYJS7CA=
gopkg.in/yaml.v3 v3.0.1/go.mod h1:K4uyk7z7BCEPqu6E+C64Yfv1cQ7kz7rIZviUmN+EgEM=
modernc.org/cc/v4 v4.26.2 h1:991HMkLjJzYBIfha6ECZdjrIYz2/1ayr+FL8GN+CNzM=
modernc.org/cc/v4 v4.26.2/go.mod h1:uVtb5OGqUKpoLWhqwNQo/8LwvoiEBLvZXIQ/SmO6mL0=
modernc.org/ccgo/v4 v4.28.0 h1:rjznn6WWehKq7dG4JtLRKxb52Ecv8OUGah8+Z/SfpNU=
modernc.org/ccgo/v4 v4.28.0/go.mod h1:JygV3+9AV6SmPhDasu4JgquwU81XAKLd3OKTUDNOiKE=
modernc.org/fileutil v1.3.8 h1:qtzNm7ED75pd1C7WgAGcK4edm4fvhtBsEiI/0NQ54YM=
modernc.org/fileutil v1.3.8/go.mod h1:HxmghZSZVAz/LXcMNwZPA/DRrQZEVP9VX0V4LQGQFOc=
modernc.org/gc/v2 v2.6.5 h1:nyqdV8q46KvTpZlsw66kWqwXRHdjIlJOhG6kxiV/9xI=
modernc.org/gc/v2 v2.6.5/go.mod h1:YgIahr1ypgfe7chRuJi2gD7DBQiKSLMPgBQe9oIiito=
modernc.org/goabi0 v0.2.0 h1:HvEowk7LxcPd0eq6mVOAEMai46V+i7Jrj13t4AzuNks=
modernc.org/goabi0 v0.2.0/go.mod h1:CEFRnnJhKvWT1c1JTI3Avm+tgOWbkOu5oPA8eH8LnMI=
modernc.org/libc v1.66.3 h1:cfCbjTUcdsKyyZZfEUKfoHcP3S0Wkvz3jgSzByEWVCQ=
modernc.org/libc v1.66.3/go.mod h1:XD9zO8kt59cANKvHPXpx7yS2ELPheAey0vjIuZOhOU8=
modernc.org/mathutil v1.7.1 h1:GCZVGXdaN8gTqB1Mf/usp1Y/hSqgI2vAGGP4jZMCxOU=
modernc.org/mathutil v1.7.1/go.mod h1:4p5IwJITfppl0G4sUEDtCr4DthTaT47/N3aT6MhfgJg=
modernc.org/memory v1.11.0 h1:o4QC8aMQzmcwCK3t3Ux/ZHmwFPzE6hf2Y5LbkRs+hbI=
modernc.org/memory v1.11.0/go.mod h1:/JP4VbVC+K5sU2wZi9bHoq2MAkCnrt2r98UGeSK7Mjw=
modernc.org/opt v0.1.4 h1:2kNGMRiUjrp4LcaPuLY2PzUfqM/w9N23quVwhKt5Qm8=
modernc.org/opt v0.1.4/go.mod h1:03fq9lsNfvkYSfxrfUhZCWPk1lm4cq4N+Bh//bEtgns=
modernc.org/sortutil v1.2.1 h1:+xyoGf15mM3NMlPDnFqrteY07klSFxLElE2PVuWIJ7w=
modernc.org/sortutil v1.2.1/go.mod h1:7ZI3a3REbai7gzCLcotuw9AC4VZVpYMjDzETGsSMqJE=
modernc.org/sqlite v1.38.2 h1:Aclu7+tgjgcQVShZqim41Bbw9Cho0y/7WzYptXqkEek=
modernc.org/sqlite v1.38.2/go.mod h1:cPTJYSlgg3Sfg046yBShXENNtPrWrDX8bsbAQBzgQ5E=
modernc.org/strutil v1.2.1 h1:UneZBkQA+DX2Rp35KcM69cSsNES9ly8mQWD71HKlOA0=
modernc.org/strutil v1.2.1/go.mod h1:EHkiggD70koQxjVdSBM3JKM7k6L0FbGE5eymy9i3B9A=
modernc.org/token v1.1.0 h1:Xl7Ap9dKaEs5kLoOQeQmPWevfnk/DM5qcLcYlA8ys6Y=
modernc.org/token v1.1.0/go.mod h1:UGzOrNV1mAFSEB63lOFHIpNRUVMvYTc6yu1SMY/XTDM=
